// !$*UTF8*$!
{
	archiveVersion = 1;
	classes = {
	};
	objectVersion = 46;
	objects = {

/* Begin PBXBuildFile section */
		08314BA61F1505DC0079C014 /* MainRepository.swift in Sources */ = {isa = PBXBuildFile; fileRef = 08314BA51F1505DC0079C014 /* MainRepository.swift */; };
		08314BA81F15BC9B0079C014 /* EventRowCell.swift in Sources */ = {isa = PBXBuildFile; fileRef = 08314BA71F15BC9B0079C014 /* EventRowCell.swift */; };
		08C6FD541F0A6CD2009C0EA5 /* AppDelegate.swift in Sources */ = {isa = PBXBuildFile; fileRef = 08C6FD531F0A6CD2009C0EA5 /* AppDelegate.swift */; };
		08C6FD561F0A6CD2009C0EA5 /* ViewController.swift in Sources */ = {isa = PBXBuildFile; fileRef = 08C6FD551F0A6CD2009C0EA5 /* ViewController.swift */; };
		08C6FD591F0A6CD2009C0EA5 /* Main.storyboard in Resources */ = {isa = PBXBuildFile; fileRef = 08C6FD571F0A6CD2009C0EA5 /* Main.storyboard */; };
		08C6FD5B1F0A6CD2009C0EA5 /* Assets.xcassets in Resources */ = {isa = PBXBuildFile; fileRef = 08C6FD5A1F0A6CD2009C0EA5 /* Assets.xcassets */; };
		08C6FD5E1F0A6CD2009C0EA5 /* LaunchScreen.storyboard in Resources */ = {isa = PBXBuildFile; fileRef = 08C6FD5C1F0A6CD2009C0EA5 /* LaunchScreen.storyboard */; };
		08C6FD691F0A6CD2009C0EA5 /* MVVM_Pattern_TestTests.swift in Sources */ = {isa = PBXBuildFile; fileRef = 08C6FD681F0A6CD2009C0EA5 /* MVVM_Pattern_TestTests.swift */; };
		08C6FD741F0A6CD2009C0EA5 /* MVVM_Pattern_TestUITests.swift in Sources */ = {isa = PBXBuildFile; fileRef = 08C6FD731F0A6CD2009C0EA5 /* MVVM_Pattern_TestUITests.swift */; };
		08F488E41F15F36600632DB3 /* EventRowViewModel.swift in Sources */ = {isa = PBXBuildFile; fileRef = 08F488E31F15F36600632DB3 /* EventRowViewModel.swift */; };
		08F488E61F15F98C00632DB3 /* EventListViewModel.swift in Sources */ = {isa = PBXBuildFile; fileRef = 08F488E51F15F98C00632DB3 /* EventListViewModel.swift */; };
		08F488EB1F16004A00632DB3 /* ViewModelLocator.swift in Sources */ = {isa = PBXBuildFile; fileRef = 08F488EA1F16004A00632DB3 /* ViewModelLocator.swift */; };
		08F488ED1F16007F00632DB3 /* EventModel.swift in Sources */ = {isa = PBXBuildFile; fileRef = 08F488EC1F16007F00632DB3 /* EventModel.swift */; };
		2343E7178AD79D231450B2DB /* Pods_MVVM_Pattern_TestTests.framework in Frameworks */ = {isa = PBXBuildFile; fileRef = D4C080CF50FCA435D0869021 /* Pods_MVVM_Pattern_TestTests.framework */; };
		65BD5ECA076173F5D13FAD0C /* Pods_MVVM_Pattern_Test.framework in Frameworks */ = {isa = PBXBuildFile; fileRef = 722DCEBB5E7E18B3673F476F /* Pods_MVVM_Pattern_Test.framework */; };
		9F82630198F7928E5E9660EF /* Pods_MVVM_Pattern_TestUITests.framework in Frameworks */ = {isa = PBXBuildFile; fileRef = 193621781D33FDA4293EF158 /* Pods_MVVM_Pattern_TestUITests.framework */; };
/* End PBXBuildFile section */

/* Begin PBXContainerItemProxy section */
		08C6FD651F0A6CD2009C0EA5 /* PBXContainerItemProxy */ = {
			isa = PBXContainerItemProxy;
			containerPortal = 08C6FD481F0A6CD2009C0EA5 /* Project object */;
			proxyType = 1;
			remoteGlobalIDString = 08C6FD4F1F0A6CD2009C0EA5;
			remoteInfo = MVVM_Pattern_Test;
		};
		08C6FD701F0A6CD2009C0EA5 /* PBXContainerItemProxy */ = {
			isa = PBXContainerItemProxy;
			containerPortal = 08C6FD481F0A6CD2009C0EA5 /* Project object */;
			proxyType = 1;
			remoteGlobalIDString = 08C6FD4F1F0A6CD2009C0EA5;
			remoteInfo = MVVM_Pattern_Test;
		};
/* End PBXContainerItemProxy section */

/* Begin PBXFileReference section */
		01B23AB154C635D34F02B8CC /* Pods-MVVM_Pattern_TestTests.release.xcconfig */ = {isa = PBXFileReference; includeInIndex = 1; lastKnownFileType = text.xcconfig; name = "Pods-MVVM_Pattern_TestTests.release.xcconfig"; path = "Pods/Target Support Files/Pods-MVVM_Pattern_TestTests/Pods-MVVM_Pattern_TestTests.release.xcconfig"; sourceTree = "<group>"; };
		06387E6F40C2FF10FFCB9200 /* Pods-MVVM_Pattern_TestTests.debug.xcconfig */ = {isa = PBXFileReference; includeInIndex = 1; lastKnownFileType = text.xcconfig; name = "Pods-MVVM_Pattern_TestTests.debug.xcconfig"; path = "Pods/Target Support Files/Pods-MVVM_Pattern_TestTests/Pods-MVVM_Pattern_TestTests.debug.xcconfig"; sourceTree = "<group>"; };
		08314BA51F1505DC0079C014 /* MainRepository.swift */ = {isa = PBXFileReference; fileEncoding = 4; lastKnownFileType = sourcecode.swift; path = MainRepository.swift; sourceTree = "<group>"; };
		08314BA71F15BC9B0079C014 /* EventRowCell.swift */ = {isa = PBXFileReference; fileEncoding = 4; lastKnownFileType = sourcecode.swift; path = EventRowCell.swift; sourceTree = "<group>"; };
		08C6FD501F0A6CD2009C0EA5 /* MVVM_Pattern_Test.app */ = {isa = PBXFileReference; explicitFileType = wrapper.application; includeInIndex = 0; path = MVVM_Pattern_Test.app; sourceTree = BUILT_PRODUCTS_DIR; };
		08C6FD531F0A6CD2009C0EA5 /* AppDelegate.swift */ = {isa = PBXFileReference; lastKnownFileType = sourcecode.swift; path = AppDelegate.swift; sourceTree = "<group>"; };
		08C6FD551F0A6CD2009C0EA5 /* ViewController.swift */ = {isa = PBXFileReference; lastKnownFileType = sourcecode.swift; path = ViewController.swift; sourceTree = "<group>"; };
		08C6FD581F0A6CD2009C0EA5 /* Base */ = {isa = PBXFileReference; lastKnownFileType = file.storyboard; name = Base; path = Base.lproj/Main.storyboard; sourceTree = "<group>"; };
		08C6FD5A1F0A6CD2009C0EA5 /* Assets.xcassets */ = {isa = PBXFileReference; lastKnownFileType = folder.assetcatalog; path = Assets.xcassets; sourceTree = "<group>"; };
		08C6FD5D1F0A6CD2009C0EA5 /* Base */ = {isa = PBXFileReference; lastKnownFileType = file.storyboard; name = Base; path = Base.lproj/LaunchScreen.storyboard; sourceTree = "<group>"; };
		08C6FD5F1F0A6CD2009C0EA5 /* Info.plist */ = {isa = PBXFileReference; lastKnownFileType = text.plist.xml; path = Info.plist; sourceTree = "<group>"; };
		08C6FD641F0A6CD2009C0EA5 /* MVVM_Pattern_TestTests.xctest */ = {isa = PBXFileReference; explicitFileType = wrapper.cfbundle; includeInIndex = 0; path = MVVM_Pattern_TestTests.xctest; sourceTree = BUILT_PRODUCTS_DIR; };
		08C6FD681F0A6CD2009C0EA5 /* MVVM_Pattern_TestTests.swift */ = {isa = PBXFileReference; lastKnownFileType = sourcecode.swift; path = MVVM_Pattern_TestTests.swift; sourceTree = "<group>"; };
		08C6FD6A1F0A6CD2009C0EA5 /* Info.plist */ = {isa = PBXFileReference; lastKnownFileType = text.plist.xml; path = Info.plist; sourceTree = "<group>"; };
		08C6FD6F1F0A6CD2009C0EA5 /* MVVM_Pattern_TestUITests.xctest */ = {isa = PBXFileReference; explicitFileType = wrapper.cfbundle; includeInIndex = 0; path = MVVM_Pattern_TestUITests.xctest; sourceTree = BUILT_PRODUCTS_DIR; };
		08C6FD731F0A6CD2009C0EA5 /* MVVM_Pattern_TestUITests.swift */ = {isa = PBXFileReference; lastKnownFileType = sourcecode.swift; path = MVVM_Pattern_TestUITests.swift; sourceTree = "<group>"; };
		08C6FD751F0A6CD2009C0EA5 /* Info.plist */ = {isa = PBXFileReference; lastKnownFileType = text.plist.xml; path = Info.plist; sourceTree = "<group>"; };
		08F488E31F15F36600632DB3 /* EventRowViewModel.swift */ = {isa = PBXFileReference; fileEncoding = 4; lastKnownFileType = sourcecode.swift; path = EventRowViewModel.swift; sourceTree = "<group>"; };
		08F488E51F15F98C00632DB3 /* EventListViewModel.swift */ = {isa = PBXFileReference; fileEncoding = 4; lastKnownFileType = sourcecode.swift; path = EventListViewModel.swift; sourceTree = "<group>"; };
		08F488EA1F16004A00632DB3 /* ViewModelLocator.swift */ = {isa = PBXFileReference; fileEncoding = 4; lastKnownFileType = sourcecode.swift; path = ViewModelLocator.swift; sourceTree = "<group>"; };
		08F488EC1F16007F00632DB3 /* EventModel.swift */ = {isa = PBXFileReference; fileEncoding = 4; lastKnownFileType = sourcecode.swift; path = EventModel.swift; sourceTree = "<group>"; };
		0CCDE178B7B1619D35238BA7 /* Pods-MVVM_Pattern_Test.debug.xcconfig */ = {isa = PBXFileReference; includeInIndex = 1; lastKnownFileType = text.xcconfig; name = "Pods-MVVM_Pattern_Test.debug.xcconfig"; path = "Pods/Target Support Files/Pods-MVVM_Pattern_Test/Pods-MVVM_Pattern_Test.debug.xcconfig"; sourceTree = "<group>"; };
		193621781D33FDA4293EF158 /* Pods_MVVM_Pattern_TestUITests.framework */ = {isa = PBXFileReference; explicitFileType = wrapper.framework; includeInIndex = 0; path = Pods_MVVM_Pattern_TestUITests.framework; sourceTree = BUILT_PRODUCTS_DIR; };
		434779A6FE871D8C78E6E944 /* Pods-MVVM_Pattern_TestUITests.release.xcconfig */ = {isa = PBXFileReference; includeInIndex = 1; lastKnownFileType = text.xcconfig; name = "Pods-MVVM_Pattern_TestUITests.release.xcconfig"; path = "Pods/Target Support Files/Pods-MVVM_Pattern_TestUITests/Pods-MVVM_Pattern_TestUITests.release.xcconfig"; sourceTree = "<group>"; };
		47A2326F994D9B53B440D562 /* Pods-MVVM_Pattern_Test.release.xcconfig */ = {isa = PBXFileReference; includeInIndex = 1; lastKnownFileType = text.xcconfig; name = "Pods-MVVM_Pattern_Test.release.xcconfig"; path = "Pods/Target Support Files/Pods-MVVM_Pattern_Test/Pods-MVVM_Pattern_Test.release.xcconfig"; sourceTree = "<group>"; };
		5E1CF715CD24DBFD82D7982B /* Pods-MVVM_Pattern_TestUITests.debug.xcconfig */ = {isa = PBXFileReference; includeInIndex = 1; lastKnownFileType = text.xcconfig; name = "Pods-MVVM_Pattern_TestUITests.debug.xcconfig"; path = "Pods/Target Support Files/Pods-MVVM_Pattern_TestUITests/Pods-MVVM_Pattern_TestUITests.debug.xcconfig"; sourceTree = "<group>"; };
		722DCEBB5E7E18B3673F476F /* Pods_MVVM_Pattern_Test.framework */ = {isa = PBXFileReference; explicitFileType = wrapper.framework; includeInIndex = 0; path = Pods_MVVM_Pattern_Test.framework; sourceTree = BUILT_PRODUCTS_DIR; };
		D4C080CF50FCA435D0869021 /* Pods_MVVM_Pattern_TestTests.framework */ = {isa = PBXFileReference; explicitFileType = wrapper.framework; includeInIndex = 0; path = Pods_MVVM_Pattern_TestTests.framework; sourceTree = BUILT_PRODUCTS_DIR; };
/* End PBXFileReference section */

/* Begin PBXFrameworksBuildPhase section */
		08C6FD4D1F0A6CD2009C0EA5 /* Frameworks */ = {
			isa = PBXFrameworksBuildPhase;
			buildActionMask = 2147483647;
			files = (
				65BD5ECA076173F5D13FAD0C /* Pods_MVVM_Pattern_Test.framework in Frameworks */,
			);
			runOnlyForDeploymentPostprocessing = 0;
		};
		08C6FD611F0A6CD2009C0EA5 /* Frameworks */ = {
			isa = PBXFrameworksBuildPhase;
			buildActionMask = 2147483647;
			files = (
				2343E7178AD79D231450B2DB /* Pods_MVVM_Pattern_TestTests.framework in Frameworks */,
			);
			runOnlyForDeploymentPostprocessing = 0;
		};
		08C6FD6C1F0A6CD2009C0EA5 /* Frameworks */ = {
			isa = PBXFrameworksBuildPhase;
			buildActionMask = 2147483647;
			files = (
				9F82630198F7928E5E9660EF /* Pods_MVVM_Pattern_TestUITests.framework in Frameworks */,
			);
			runOnlyForDeploymentPostprocessing = 0;
		};
/* End PBXFrameworksBuildPhase section */

/* Begin PBXGroup section */
		0834CFD9392F285A1453A343 /* Frameworks */ = {
			isa = PBXGroup;
			children = (
				722DCEBB5E7E18B3673F476F /* Pods_MVVM_Pattern_Test.framework */,
				D4C080CF50FCA435D0869021 /* Pods_MVVM_Pattern_TestTests.framework */,
				193621781D33FDA4293EF158 /* Pods_MVVM_Pattern_TestUITests.framework */,
			);
			name = Frameworks;
			sourceTree = "<group>";
		};
		08C6FD471F0A6CD2009C0EA5 = {
			isa = PBXGroup;
			children = (
				08C6FD521F0A6CD2009C0EA5 /* MVVM_Pattern_Test */,
				08C6FD671F0A6CD2009C0EA5 /* MVVM_Pattern_TestTests */,
				08C6FD721F0A6CD2009C0EA5 /* MVVM_Pattern_TestUITests */,
				08C6FD511F0A6CD2009C0EA5 /* Products */,
				CDAB08CBABA3E5275727017E /* Pods */,
				0834CFD9392F285A1453A343 /* Frameworks */,
			);
			sourceTree = "<group>";
			usesTabs = 1;
		};
		08C6FD511F0A6CD2009C0EA5 /* Products */ = {
			isa = PBXGroup;
			children = (
				08C6FD501F0A6CD2009C0EA5 /* MVVM_Pattern_Test.app */,
				08C6FD641F0A6CD2009C0EA5 /* MVVM_Pattern_TestTests.xctest */,
				08C6FD6F1F0A6CD2009C0EA5 /* MVVM_Pattern_TestUITests.xctest */,
			);
			name = Products;
			sourceTree = "<group>";
		};
		08C6FD521F0A6CD2009C0EA5 /* MVVM_Pattern_Test */ = {
			isa = PBXGroup;
			children = (
				08F488E91F15FCEC00632DB3 /* Data */,
				08F488E81F15FCCE00632DB3 /* View */,
				08F488E71F15FCBA00632DB3 /* ViewModel */,
				08C6FD531F0A6CD2009C0EA5 /* AppDelegate.swift */,
				08C6FD571F0A6CD2009C0EA5 /* Main.storyboard */,
				08C6FD5A1F0A6CD2009C0EA5 /* Assets.xcassets */,
				08C6FD5C1F0A6CD2009C0EA5 /* LaunchScreen.storyboard */,
				08C6FD5F1F0A6CD2009C0EA5 /* Info.plist */,
			);
			indentWidth = 4;
			path = MVVM_Pattern_Test;
			sourceTree = "<group>";
			tabWidth = 4;
		};
		08C6FD671F0A6CD2009C0EA5 /* MVVM_Pattern_TestTests */ = {
			isa = PBXGroup;
			children = (
				08C6FD681F0A6CD2009C0EA5 /* MVVM_Pattern_TestTests.swift */,
				08C6FD6A1F0A6CD2009C0EA5 /* Info.plist */,
			);
			path = MVVM_Pattern_TestTests;
			sourceTree = "<group>";
		};
		08C6FD721F0A6CD2009C0EA5 /* MVVM_Pattern_TestUITests */ = {
			isa = PBXGroup;
			children = (
				08C6FD731F0A6CD2009C0EA5 /* MVVM_Pattern_TestUITests.swift */,
				08C6FD751F0A6CD2009C0EA5 /* Info.plist */,
			);
			path = MVVM_Pattern_TestUITests;
			sourceTree = "<group>";
		};
		08F488E71F15FCBA00632DB3 /* ViewModel */ = {
			isa = PBXGroup;
			children = (
				08F488E51F15F98C00632DB3 /* EventListViewModel.swift */,
				08F488E31F15F36600632DB3 /* EventRowViewModel.swift */,
				08F488EC1F16007F00632DB3 /* EventModel.swift */,
			);
			name = ViewModel;
			sourceTree = "<group>";
		};
		08F488E81F15FCCE00632DB3 /* View */ = {
			isa = PBXGroup;
			children = (
				08C6FD551F0A6CD2009C0EA5 /* ViewController.swift */,
				08314BA71F15BC9B0079C014 /* EventRowCell.swift */,
				08F488EA1F16004A00632DB3 /* ViewModelLocator.swift */,
			);
			name = View;
			sourceTree = "<group>";
		};
		08F488E91F15FCEC00632DB3 /* Data */ = {
			isa = PBXGroup;
			children = (
				08314BA51F1505DC0079C014 /* MainRepository.swift */,
			);
			name = Data;
			sourceTree = "<group>";
		};
		CDAB08CBABA3E5275727017E /* Pods */ = {
			isa = PBXGroup;
			children = (
				0CCDE178B7B1619D35238BA7 /* Pods-MVVM_Pattern_Test.debug.xcconfig */,
				47A2326F994D9B53B440D562 /* Pods-MVVM_Pattern_Test.release.xcconfig */,
				06387E6F40C2FF10FFCB9200 /* Pods-MVVM_Pattern_TestTests.debug.xcconfig */,
				01B23AB154C635D34F02B8CC /* Pods-MVVM_Pattern_TestTests.release.xcconfig */,
				5E1CF715CD24DBFD82D7982B /* Pods-MVVM_Pattern_TestUITests.debug.xcconfig */,
				434779A6FE871D8C78E6E944 /* Pods-MVVM_Pattern_TestUITests.release.xcconfig */,
			);
			name = Pods;
			sourceTree = "<group>";
		};
/* End PBXGroup section */

/* Begin PBXNativeTarget section */
		08C6FD4F1F0A6CD2009C0EA5 /* MVVM_Pattern_Test */ = {
			isa = PBXNativeTarget;
			buildConfigurationList = 08C6FD781F0A6CD2009C0EA5 /* Build configuration list for PBXNativeTarget "MVVM_Pattern_Test" */;
			buildPhases = (
				98BDD5D19B80482C9022B5E2 /* [CP] Check Pods Manifest.lock */,
				08C6FD4C1F0A6CD2009C0EA5 /* Sources */,
				08C6FD4D1F0A6CD2009C0EA5 /* Frameworks */,
				08C6FD4E1F0A6CD2009C0EA5 /* Resources */,
				C8DE9966D6C53247D472B59D /* [CP] Embed Pods Frameworks */,
				EAD6D58BACDF265E54D1C90C /* [CP] Copy Pods Resources */,
			);
			buildRules = (
			);
			dependencies = (
			);
			name = MVVM_Pattern_Test;
			productName = MVVM_Pattern_Test;
			productReference = 08C6FD501F0A6CD2009C0EA5 /* MVVM_Pattern_Test.app */;
			productType = "com.apple.product-type.application";
		};
		08C6FD631F0A6CD2009C0EA5 /* MVVM_Pattern_TestTests */ = {
			isa = PBXNativeTarget;
			buildConfigurationList = 08C6FD7B1F0A6CD2009C0EA5 /* Build configuration list for PBXNativeTarget "MVVM_Pattern_TestTests" */;
			buildPhases = (
				5D78A6203D88039AD8F48D58 /* [CP] Check Pods Manifest.lock */,
				08C6FD601F0A6CD2009C0EA5 /* Sources */,
				08C6FD611F0A6CD2009C0EA5 /* Frameworks */,
				08C6FD621F0A6CD2009C0EA5 /* Resources */,
				DCF0ABABD2F5B5DD8BBD3D13 /* [CP] Embed Pods Frameworks */,
				4FC695A7B5F1E29AD821769F /* [CP] Copy Pods Resources */,
			);
			buildRules = (
			);
			dependencies = (
				08C6FD661F0A6CD2009C0EA5 /* PBXTargetDependency */,
			);
			name = MVVM_Pattern_TestTests;
			productName = MVVM_Pattern_TestTests;
			productReference = 08C6FD641F0A6CD2009C0EA5 /* MVVM_Pattern_TestTests.xctest */;
			productType = "com.apple.product-type.bundle.unit-test";
		};
		08C6FD6E1F0A6CD2009C0EA5 /* MVVM_Pattern_TestUITests */ = {
			isa = PBXNativeTarget;
			buildConfigurationList = 08C6FD7E1F0A6CD2009C0EA5 /* Build configuration list for PBXNativeTarget "MVVM_Pattern_TestUITests" */;
			buildPhases = (
				8FAEF8208BD961B39E3DCBA7 /* [CP] Check Pods Manifest.lock */,
				08C6FD6B1F0A6CD2009C0EA5 /* Sources */,
				08C6FD6C1F0A6CD2009C0EA5 /* Frameworks */,
				08C6FD6D1F0A6CD2009C0EA5 /* Resources */,
				8BEE2165BD4C5EC40A8B70DE /* [CP] Embed Pods Frameworks */,
				647157B31F5374D9F8570EF4 /* [CP] Copy Pods Resources */,
			);
			buildRules = (
			);
			dependencies = (
				08C6FD711F0A6CD2009C0EA5 /* PBXTargetDependency */,
			);
			name = MVVM_Pattern_TestUITests;
			productName = MVVM_Pattern_TestUITests;
			productReference = 08C6FD6F1F0A6CD2009C0EA5 /* MVVM_Pattern_TestUITests.xctest */;
			productType = "com.apple.product-type.bundle.ui-testing";
		};
/* End PBXNativeTarget section */

/* Begin PBXProject section */
		08C6FD481F0A6CD2009C0EA5 /* Project object */ = {
			isa = PBXProject;
			attributes = {
				LastSwiftUpdateCheck = 0830;
				LastUpgradeCheck = 0830;
				ORGANIZATIONNAME = MAPSSI;
				TargetAttributes = {
					08C6FD4F1F0A6CD2009C0EA5 = {
						CreatedOnToolsVersion = 8.3.3;
						DevelopmentTeam = J9EKY54ZWF;
						ProvisioningStyle = Automatic;
					};
					08C6FD631F0A6CD2009C0EA5 = {
						CreatedOnToolsVersion = 8.3.3;
						ProvisioningStyle = Automatic;
						TestTargetID = 08C6FD4F1F0A6CD2009C0EA5;
					};
					08C6FD6E1F0A6CD2009C0EA5 = {
						CreatedOnToolsVersion = 8.3.3;
						ProvisioningStyle = Automatic;
						TestTargetID = 08C6FD4F1F0A6CD2009C0EA5;
					};
				};
			};
			buildConfigurationList = 08C6FD4B1F0A6CD2009C0EA5 /* Build configuration list for PBXProject "MVVM_Pattern_Test" */;
			compatibilityVersion = "Xcode 3.2";
			developmentRegion = English;
			hasScannedForEncodings = 0;
			knownRegions = (
				en,
				Base,
			);
			mainGroup = 08C6FD471F0A6CD2009C0EA5;
			productRefGroup = 08C6FD511F0A6CD2009C0EA5 /* Products */;
			projectDirPath = "";
			projectRoot = "";
			targets = (
				08C6FD4F1F0A6CD2009C0EA5 /* MVVM_Pattern_Test */,
				08C6FD631F0A6CD2009C0EA5 /* MVVM_Pattern_TestTests */,
				08C6FD6E1F0A6CD2009C0EA5 /* MVVM_Pattern_TestUITests */,
			);
		};
/* End PBXProject section */

/* Begin PBXResourcesBuildPhase section */
		08C6FD4E1F0A6CD2009C0EA5 /* Resources */ = {
			isa = PBXResourcesBuildPhase;
			buildActionMask = 2147483647;
			files = (
				08C6FD5E1F0A6CD2009C0EA5 /* LaunchScreen.storyboard in Resources */,
				08C6FD5B1F0A6CD2009C0EA5 /* Assets.xcassets in Resources */,
				08C6FD591F0A6CD2009C0EA5 /* Main.storyboard in Resources */,
			);
			runOnlyForDeploymentPostprocessing = 0;
		};
		08C6FD621F0A6CD2009C0EA5 /* Resources */ = {
			isa = PBXResourcesBuildPhase;
			buildActionMask = 2147483647;
			files = (
			);
			runOnlyForDeploymentPostprocessing = 0;
		};
		08C6FD6D1F0A6CD2009C0EA5 /* Resources */ = {
			isa = PBXResourcesBuildPhase;
			buildActionMask = 2147483647;
			files = (
			);
			runOnlyForDeploymentPostprocessing = 0;
		};
/* End PBXResourcesBuildPhase section */

/* Begin PBXShellScriptBuildPhase section */
		4FC695A7B5F1E29AD821769F /* [CP] Copy Pods Resources */ = {
			isa = PBXShellScriptBuildPhase;
			buildActionMask = 2147483647;
			files = (
			);
			inputPaths = (
			);
			name = "[CP] Copy Pods Resources";
			outputPaths = (
			);
			runOnlyForDeploymentPostprocessing = 0;
			shellPath = /bin/sh;
			shellScript = "\"${SRCROOT}/Pods/Target Support Files/Pods-MVVM_Pattern_TestTests/Pods-MVVM_Pattern_TestTests-resources.sh\"\n";
			showEnvVarsInLog = 0;
		};
		5D78A6203D88039AD8F48D58 /* [CP] Check Pods Manifest.lock */ = {
			isa = PBXShellScriptBuildPhase;
			buildActionMask = 2147483647;
			files = (
			);
			inputPaths = (
			);
			name = "[CP] Check Pods Manifest.lock";
			outputPaths = (
			);
			runOnlyForDeploymentPostprocessing = 0;
			shellPath = /bin/sh;
			shellScript = "diff \"${PODS_PODFILE_DIR_PATH}/Podfile.lock\" \"${PODS_ROOT}/Manifest.lock\" > /dev/null\nif [ $? != 0 ] ; then\n    # print error to STDERR\n    echo \"error: The sandbox is not in sync with the Podfile.lock. Run 'pod install' or update your CocoaPods installation.\" >&2\n    exit 1\nfi\n";
			showEnvVarsInLog = 0;
		};
		647157B31F5374D9F8570EF4 /* [CP] Copy Pods Resources */ = {
			isa = PBXShellScriptBuildPhase;
			buildActionMask = 2147483647;
			files = (
			);
			inputPaths = (
			);
			name = "[CP] Copy Pods Resources";
			outputPaths = (
			);
			runOnlyForDeploymentPostprocessing = 0;
			shellPath = /bin/sh;
			shellScript = "\"${SRCROOT}/Pods/Target Support Files/Pods-MVVM_Pattern_TestUITests/Pods-MVVM_Pattern_TestUITests-resources.sh\"\n";
			showEnvVarsInLog = 0;
		};
		8BEE2165BD4C5EC40A8B70DE /* [CP] Embed Pods Frameworks */ = {
			isa = PBXShellScriptBuildPhase;
			buildActionMask = 2147483647;
			files = (
			);
			inputPaths = (
			);
			name = "[CP] Embed Pods Frameworks";
			outputPaths = (
			);
			runOnlyForDeploymentPostprocessing = 0;
			shellPath = /bin/sh;
			shellScript = "\"${SRCROOT}/Pods/Target Support Files/Pods-MVVM_Pattern_TestUITests/Pods-MVVM_Pattern_TestUITests-frameworks.sh\"\n";
			showEnvVarsInLog = 0;
		};
		8FAEF8208BD961B39E3DCBA7 /* [CP] Check Pods Manifest.lock */ = {
			isa = PBXShellScriptBuildPhase;
			buildActionMask = 2147483647;
			files = (
			);
			inputPaths = (
			);
			name = "[CP] Check Pods Manifest.lock";
			outputPaths = (
			);
			runOnlyForDeploymentPostprocessing = 0;
			shellPath = /bin/sh;
			shellScript = "diff \"${PODS_PODFILE_DIR_PATH}/Podfile.lock\" \"${PODS_ROOT}/Manifest.lock\" > /dev/null\nif [ $? != 0 ] ; then\n    # print error to STDERR\n    echo \"error: The sandbox is not in sync with the Podfile.lock. Run 'pod install' or update your CocoaPods installation.\" >&2\n    exit 1\nfi\n";
			showEnvVarsInLog = 0;
		};
		98BDD5D19B80482C9022B5E2 /* [CP] Check Pods Manifest.lock */ = {
			isa = PBXShellScriptBuildPhase;
			buildActionMask = 2147483647;
			files = (
			);
			inputPaths = (
			);
			name = "[CP] Check Pods Manifest.lock";
			outputPaths = (
			);
			runOnlyForDeploymentPostprocessing = 0;
			shellPath = /bin/sh;
			shellScript = "diff \"${PODS_PODFILE_DIR_PATH}/Podfile.lock\" \"${PODS_ROOT}/Manifest.lock\" > /dev/null\nif [ $? != 0 ] ; then\n    # print error to STDERR\n    echo \"error: The sandbox is not in sync with the Podfile.lock. Run 'pod install' or update your CocoaPods installation.\" >&2\n    exit 1\nfi\n";
			showEnvVarsInLog = 0;
		};
		C8DE9966D6C53247D472B59D /* [CP] Embed Pods Frameworks */ = {
			isa = PBXShellScriptBuildPhase;
			buildActionMask = 2147483647;
			files = (
			);
			inputPaths = (
			);
			name = "[CP] Embed Pods Frameworks";
			outputPaths = (
			);
			runOnlyForDeploymentPostprocessing = 0;
			shellPath = /bin/sh;
			shellScript = "\"${SRCROOT}/Pods/Target Support Files/Pods-MVVM_Pattern_Test/Pods-MVVM_Pattern_Test-frameworks.sh\"\n";
			showEnvVarsInLog = 0;
		};
		DCF0ABABD2F5B5DD8BBD3D13 /* [CP] Embed Pods Frameworks */ = {
			isa = PBXShellScriptBuildPhase;
			buildActionMask = 2147483647;
			files = (
			);
			inputPaths = (
			);
			name = "[CP] Embed Pods Frameworks";
			outputPaths = (
			);
			runOnlyForDeploymentPostprocessing = 0;
			shellPath = /bin/sh;
			shellScript = "\"${SRCROOT}/Pods/Target Support Files/Pods-MVVM_Pattern_TestTests/Pods-MVVM_Pattern_TestTests-frameworks.sh\"\n";
			showEnvVarsInLog = 0;
		};
		EAD6D58BACDF265E54D1C90C /* [CP] Copy Pods Resources */ = {
			isa = PBXShellScriptBuildPhase;
			buildActionMask = 2147483647;
			files = (
			);
			inputPaths = (
			);
			name = "[CP] Copy Pods Resources";
			outputPaths = (
			);
			runOnlyForDeploymentPostprocessing = 0;
			shellPath = /bin/sh;
			shellScript = "\"${SRCROOT}/Pods/Target Support Files/Pods-MVVM_Pattern_Test/Pods-MVVM_Pattern_Test-resources.sh\"\n";
			showEnvVarsInLog = 0;
		};
/* End PBXShellScriptBuildPhase section */

/* Begin PBXSourcesBuildPhase section */
		08C6FD4C1F0A6CD2009C0EA5 /* Sources */ = {
			isa = PBXSourcesBuildPhase;
			buildActionMask = 2147483647;
			files = (
				08314BA61F1505DC0079C014 /* MainRepository.swift in Sources */,
				08F488ED1F16007F00632DB3 /* EventModel.swift in Sources */,
				08F488EB1F16004A00632DB3 /* ViewModelLocator.swift in Sources */,
				08C6FD561F0A6CD2009C0EA5 /* ViewController.swift in Sources */,
				08C6FD541F0A6CD2009C0EA5 /* AppDelegate.swift in Sources */,
				08F488E41F15F36600632DB3 /* EventRowViewModel.swift in Sources */,
				08F488E61F15F98C00632DB3 /* EventListViewModel.swift in Sources */,
				08314BA81F15BC9B0079C014 /* EventRowCell.swift in Sources */,
			);
			runOnlyForDeploymentPostprocessing = 0;
		};
		08C6FD601F0A6CD2009C0EA5 /* Sources */ = {
			isa = PBXSourcesBuildPhase;
			buildActionMask = 2147483647;
			files = (
				08C6FD691F0A6CD2009C0EA5 /* MVVM_Pattern_TestTests.swift in Sources */,
			);
			runOnlyForDeploymentPostprocessing = 0;
		};
		08C6FD6B1F0A6CD2009C0EA5 /* Sources */ = {
			isa = PBXSourcesBuildPhase;
			buildActionMask = 2147483647;
			files = (
				08C6FD741F0A6CD2009C0EA5 /* MVVM_Pattern_TestUITests.swift in Sources */,
			);
			runOnlyForDeploymentPostprocessing = 0;
		};
/* End PBXSourcesBuildPhase section */

/* Begin PBXTargetDependency section */
		08C6FD661F0A6CD2009C0EA5 /* PBXTargetDependency */ = {
			isa = PBXTargetDependency;
			target = 08C6FD4F1F0A6CD2009C0EA5 /* MVVM_Pattern_Test */;
			targetProxy = 08C6FD651F0A6CD2009C0EA5 /* PBXContainerItemProxy */;
		};
		08C6FD711F0A6CD2009C0EA5 /* PBXTargetDependency */ = {
			isa = PBXTargetDependency;
			target = 08C6FD4F1F0A6CD2009C0EA5 /* MVVM_Pattern_Test */;
			targetProxy = 08C6FD701F0A6CD2009C0EA5 /* PBXContainerItemProxy */;
		};
/* End PBXTargetDependency section */

/* Begin PBXVariantGroup section */
		08C6FD571F0A6CD2009C0EA5 /* Main.storyboard */ = {
			isa = PBXVariantGroup;
			children = (
				08C6FD581F0A6CD2009C0EA5 /* Base */,
			);
			name = Main.storyboard;
			sourceTree = "<group>";
		};
		08C6FD5C1F0A6CD2009C0EA5 /* LaunchScreen.storyboard */ = {
			isa = PBXVariantGroup;
			children = (
				08C6FD5D1F0A6CD2009C0EA5 /* Base */,
			);
			name = LaunchScreen.storyboard;
			sourceTree = "<group>";
		};
/* End PBXVariantGroup section */

/* Begin XCBuildConfiguration section */
		08C6FD761F0A6CD2009C0EA5 /* Debug */ = {
			isa = XCBuildConfiguration;
			buildSettings = {
				ALWAYS_SEARCH_USER_PATHS = NO;
				CLANG_ANALYZER_NONNULL = YES;
				CLANG_ANALYZER_NUMBER_OBJECT_CONVERSION = YES_AGGRESSIVE;
				CLANG_CXX_LANGUAGE_STANDARD = "gnu++0x";
				CLANG_CXX_LIBRARY = "libc++";
				CLANG_ENABLE_MODULES = YES;
				CLANG_ENABLE_OBJC_ARC = YES;
				CLANG_WARN_BOOL_CONVERSION = YES;
				CLANG_WARN_CONSTANT_CONVERSION = YES;
				CLANG_WARN_DIRECT_OBJC_ISA_USAGE = YES_ERROR;
				CLANG_WARN_DOCUMENTATION_COMMENTS = YES;
				CLANG_WARN_EMPTY_BODY = YES;
				CLANG_WARN_ENUM_CONVERSION = YES;
				CLANG_WARN_INFINITE_RECURSION = YES;
				CLANG_WARN_INT_CONVERSION = YES;
				CLANG_WARN_OBJC_ROOT_CLASS = YES_ERROR;
				CLANG_WARN_SUSPICIOUS_MOVE = YES;
				CLANG_WARN_UNREACHABLE_CODE = YES;
				CLANG_WARN__DUPLICATE_METHOD_MATCH = YES;
				"CODE_SIGN_IDENTITY[sdk=iphoneos*]" = "iPhone Developer";
				COPY_PHASE_STRIP = NO;
				DEBUG_INFORMATION_FORMAT = dwarf;
				ENABLE_STRICT_OBJC_MSGSEND = YES;
				ENABLE_TESTABILITY = YES;
				GCC_C_LANGUAGE_STANDARD = gnu99;
				GCC_DYNAMIC_NO_PIC = NO;
				GCC_NO_COMMON_BLOCKS = YES;
				GCC_OPTIMIZATION_LEVEL = 0;
				GCC_PREPROCESSOR_DEFINITIONS = (
					"DEBUG=1",
					"$(inherited)",
				);
				GCC_WARN_64_TO_32_BIT_CONVERSION = YES;
				GCC_WARN_ABOUT_RETURN_TYPE = YES_ERROR;
				GCC_WARN_UNDECLARED_SELECTOR = YES;
				GCC_WARN_UNINITIALIZED_AUTOS = YES_AGGRESSIVE;
				GCC_WARN_UNUSED_FUNCTION = YES;
				GCC_WARN_UNUSED_VARIABLE = YES;
				IPHONEOS_DEPLOYMENT_TARGET = 10.3;
				MTL_ENABLE_DEBUG_INFO = YES;
				ONLY_ACTIVE_ARCH = YES;
				SDKROOT = iphoneos;
				SWIFT_ACTIVE_COMPILATION_CONDITIONS = DEBUG;
				SWIFT_OPTIMIZATION_LEVEL = "-Onone";
			};
			name = Debug;
		};
		08C6FD771F0A6CD2009C0EA5 /* Release */ = {
			isa = XCBuildConfiguration;
			buildSettings = {
				ALWAYS_SEARCH_USER_PATHS = NO;
				CLANG_ANALYZER_NONNULL = YES;
				CLANG_ANALYZER_NUMBER_OBJECT_CONVERSION = YES_AGGRESSIVE;
				CLANG_CXX_LANGUAGE_STANDARD = "gnu++0x";
				CLANG_CXX_LIBRARY = "libc++";
				CLANG_ENABLE_MODULES = YES;
				CLANG_ENABLE_OBJC_ARC = YES;
				CLANG_WARN_BOOL_CONVERSION = YES;
				CLANG_WARN_CONSTANT_CONVERSION = YES;
				CLANG_WARN_DIRECT_OBJC_ISA_USAGE = YES_ERROR;
				CLANG_WARN_DOCUMENTATION_COMMENTS = YES;
				CLANG_WARN_EMPTY_BODY = YES;
				CLANG_WARN_ENUM_CONVERSION = YES;
				CLANG_WARN_INFINITE_RECURSION = YES;
				CLANG_WARN_INT_CONVERSION = YES;
				CLANG_WARN_OBJC_ROOT_CLASS = YES_ERROR;
				CLANG_WARN_SUSPICIOUS_MOVE = YES;
				CLANG_WARN_UNREACHABLE_CODE = YES;
				CLANG_WARN__DUPLICATE_METHOD_MATCH = YES;
				"CODE_SIGN_IDENTITY[sdk=iphoneos*]" = "iPhone Developer";
				COPY_PHASE_STRIP = NO;
				DEBUG_INFORMATION_FORMAT = "dwarf-with-dsym";
				ENABLE_NS_ASSERTIONS = NO;
				ENABLE_STRICT_OBJC_MSGSEND = YES;
				GCC_C_LANGUAGE_STANDARD = gnu99;
				GCC_NO_COMMON_BLOCKS = YES;
				GCC_WARN_64_TO_32_BIT_CONVERSION = YES;
				GCC_WARN_ABOUT_RETURN_TYPE = YES_ERROR;
				GCC_WARN_UNDECLARED_SELECTOR = YES;
				GCC_WARN_UNINITIALIZED_AUTOS = YES_AGGRESSIVE;
				GCC_WARN_UNUSED_FUNCTION = YES;
				GCC_WARN_UNUSED_VARIABLE = YES;
				IPHONEOS_DEPLOYMENT_TARGET = 10.3;
				MTL_ENABLE_DEBUG_INFO = NO;
				SDKROOT = iphoneos;
				SWIFT_OPTIMIZATION_LEVEL = "-Owholemodule";
				VALIDATE_PRODUCT = YES;
			};
			name = Release;
		};
		08C6FD791F0A6CD2009C0EA5 /* Debug */ = {
			isa = XCBuildConfiguration;
			baseConfigurationReference = 0CCDE178B7B1619D35238BA7 /* Pods-MVVM_Pattern_Test.debug.xcconfig */;
			buildSettings = {
				ASSETCATALOG_COMPILER_APPICON_NAME = AppIcon;
				CODE_SIGN_IDENTITY = "iPhone Developer";
				DEVELOPMENT_TEAM = J9EKY54ZWF;
				INFOPLIST_FILE = MVVM_Pattern_Test/Info.plist;
				LD_RUNPATH_SEARCH_PATHS = "$(inherited) @executable_path/Frameworks";
				PRODUCT_BUNDLE_IDENTIFIER = "com.pattern.MVVM-Pattern-Test";
				PRODUCT_NAME = "$(TARGET_NAME)";
				SWIFT_VERSION = 3.0;
			};
			name = Debug;
		};
		08C6FD7A1F0A6CD2009C0EA5 /* Release */ = {
			isa = XCBuildConfiguration;
			baseConfigurationReference = 47A2326F994D9B53B440D562 /* Pods-MVVM_Pattern_Test.release.xcconfig */;
			buildSettings = {
				ASSETCATALOG_COMPILER_APPICON_NAME = AppIcon;
				CODE_SIGN_IDENTITY = "iPhone Developer";
				DEVELOPMENT_TEAM = J9EKY54ZWF;
				INFOPLIST_FILE = MVVM_Pattern_Test/Info.plist;
				LD_RUNPATH_SEARCH_PATHS = "$(inherited) @executable_path/Frameworks";
				PRODUCT_BUNDLE_IDENTIFIER = "com.pattern.MVVM-Pattern-Test";
				PRODUCT_NAME = "$(TARGET_NAME)";
				SWIFT_VERSION = 3.0;
			};
			name = Release;
		};
		08C6FD7C1F0A6CD2009C0EA5 /* Debug */ = {
			isa = XCBuildConfiguration;
			baseConfigurationReference = 06387E6F40C2FF10FFCB9200 /* Pods-MVVM_Pattern_TestTests.debug.xcconfig */;
			buildSettings = {
				ALWAYS_EMBED_SWIFT_STANDARD_LIBRARIES = YES;
				BUNDLE_LOADER = "$(TEST_HOST)";
				INFOPLIST_FILE = MVVM_Pattern_TestTests/Info.plist;
				LD_RUNPATH_SEARCH_PATHS = "$(inherited) @executable_path/Frameworks @loader_path/Frameworks";
				PRODUCT_BUNDLE_IDENTIFIER = "com.pattern.MVVM-Pattern-TestTests";
				PRODUCT_NAME = "$(TARGET_NAME)";
				SWIFT_VERSION = 3.0;
				TEST_HOST = "$(BUILT_PRODUCTS_DIR)/MVVM_Pattern_Test.app/MVVM_Pattern_Test";
			};
			name = Debug;
		};
		08C6FD7D1F0A6CD2009C0EA5 /* Release */ = {
			isa = XCBuildConfiguration;
			baseConfigurationReference = 01B23AB154C635D34F02B8CC /* Pods-MVVM_Pattern_TestTests.release.xcconfig */;
			buildSettings = {
				ALWAYS_EMBED_SWIFT_STANDARD_LIBRARIES = YES;
				BUNDLE_LOADER = "$(TEST_HOST)";
				INFOPLIST_FILE = MVVM_Pattern_TestTests/Info.plist;
				LD_RUNPATH_SEARCH_PATHS = "$(inherited) @executable_path/Frameworks @loader_path/Frameworks";
				PRODUCT_BUNDLE_IDENTIFIER = "com.pattern.MVVM-Pattern-TestTests";
				PRODUCT_NAME = "$(TARGET_NAME)";
				SWIFT_VERSION = 3.0;
				TEST_HOST = "$(BUILT_PRODUCTS_DIR)/MVVM_Pattern_Test.app/MVVM_Pattern_Test";
			};
			name = Release;
		};
		08C6FD7F1F0A6CD2009C0EA5 /* Debug */ = {
			isa = XCBuildConfiguration;
			baseConfigurationReference = 5E1CF715CD24DBFD82D7982B /* Pods-MVVM_Pattern_TestUITests.debug.xcconfig */;
			buildSettings = {
				ALWAYS_EMBED_SWIFT_STANDARD_LIBRARIES = YES;
				INFOPLIST_FILE = MVVM_Pattern_TestUITests/Info.plist;
				LD_RUNPATH_SEARCH_PATHS = "$(inherited) @executable_path/Frameworks @loader_path/Frameworks";
				PRODUCT_BUNDLE_IDENTIFIER = "com.pattern.MVVM-Pattern-TestUITests";
				PRODUCT_NAME = "$(TARGET_NAME)";
				SWIFT_VERSION = 3.0;
				TEST_TARGET_NAME = MVVM_Pattern_Test;
			};
			name = Debug;
		};
		08C6FD801F0A6CD2009C0EA5 /* Release */ = {
			isa = XCBuildConfiguration;
			baseConfigurationReference = 434779A6FE871D8C78E6E944 /* Pods-MVVM_Pattern_TestUITests.release.xcconfig */;
			buildSettings = {
				ALWAYS_EMBED_SWIFT_STANDARD_LIBRARIES = YES;
				INFOPLIST_FILE = MVVM_Pattern_TestUITests/Info.plist;
				LD_RUNPATH_SEARCH_PATHS = "$(inherited) @executable_path/Frameworks @loader_path/Frameworks";
				PRODUCT_BUNDLE_IDENTIFIER = "com.pattern.MVVM-Pattern-TestUITests";
				PRODUCT_NAME = "$(TARGET_NAME)";
				SWIFT_VERSION = 3.0;
				TEST_TARGET_NAME = MVVM_Pattern_Test;
			};
			name = Release;
		};
/* End XCBuildConfiguration section */

/* Begin XCConfigurationList section */
		08C6FD4B1F0A6CD2009C0EA5 /* Build configuration list for PBXProject "MVVM_Pattern_Test" */ = {
			isa = XCConfigurationList;
			buildConfigurations = (
				08C6FD761F0A6CD2009C0EA5 /* Debug */,
				08C6FD771F0A6CD2009C0EA5 /* Release */,
			);
			defaultConfigurationIsVisible = 0;
			defaultConfigurationName = Release;
		};
		08C6FD781F0A6CD2009C0EA5 /* Build configuration list for PBXNativeTarget "MVVM_Pattern_Test" */ = {
			isa = XCConfigurationList;
			buildConfigurations = (
				08C6FD791F0A6CD2009C0EA5 /* Debug */,
				08C6FD7A1F0A6CD2009C0EA5 /* Release */,
			);
			defaultConfigurationIsVisible = 0;
			defaultConfigurationName = Release;
		};
		08C6FD7B1F0A6CD2009C0EA5 /* Build configuration list for PBXNativeTarget "MVVM_Pattern_TestTests" */ = {
			isa = XCConfigurationList;
			buildConfigurations = (
				08C6FD7C1F0A6CD2009C0EA5 /* Debug */,
				08C6FD7D1F0A6CD2009C0EA5 /* Release */,
			);
			defaultConfigurationIsVisible = 0;
			defaultConfigurationName = Release;
		};
		08C6FD7E1F0A6CD2009C0EA5 /* Build configuration list for PBXNativeTarget "MVVM_Pattern_TestUITests" */ = {
			isa = XCConfigurationList;
			buildConfigurations = (
				08C6FD7F1F0A6CD2009C0EA5 /* Debug */,
				08C6FD801F0A6CD2009C0EA5 /* Release */,
			);
			defaultConfigurationIsVisible = 0;
			defaultConfigurationName = Release;
		};
/* End XCConfigurationList section */
	};
	rootObject = 08C6FD481F0A6CD2009C0EA5 /* Project object */;
}
